// !$*UTF8*$!
{
	archiveVersion = 1;
	classes = {
	};
	objectVersion = 46;
	objects = {

/* Begin PBXBuildFile section */
		B42FB1713D48028BFD1C1CD1 /* Pods_V2EXiosTests.framework in Frameworks */ = {isa = PBXBuildFile; fileRef = B61CFC4802471F3094924967 /* Pods_V2EXiosTests.framework */; };
		D260D6031EF8256E0098CDD5 /* AppDelegate.swift in Sources */ = {isa = PBXBuildFile; fileRef = D260D6021EF8256E0098CDD5 /* AppDelegate.swift */; };
		D260D6081EF8256E0098CDD5 /* Main.storyboard in Resources */ = {isa = PBXBuildFile; fileRef = D260D6061EF8256E0098CDD5 /* Main.storyboard */; };
		D260D60B1EF8256E0098CDD5 /* V2EXios.xcdatamodeld in Sources */ = {isa = PBXBuildFile; fileRef = D260D6091EF8256E0098CDD5 /* V2EXios.xcdatamodeld */; };
		D260D60D1EF8256E0098CDD5 /* Assets.xcassets in Resources */ = {isa = PBXBuildFile; fileRef = D260D60C1EF8256E0098CDD5 /* Assets.xcassets */; };
		D260D6101EF8256E0098CDD5 /* LaunchScreen.storyboard in Resources */ = {isa = PBXBuildFile; fileRef = D260D60E1EF8256E0098CDD5 /* LaunchScreen.storyboard */; };
		D260D61B1EF8256E0098CDD5 /* V2EXiosTests.swift in Sources */ = {isa = PBXBuildFile; fileRef = D260D61A1EF8256E0098CDD5 /* V2EXiosTests.swift */; };
		D277089C1EF839900061820F /* VETabBarController.swift in Sources */ = {isa = PBXBuildFile; fileRef = D277089B1EF839900061820F /* VETabBarController.swift */; };
		D277089E1EF83A6D0061820F /* HotViewController.swift in Sources */ = {isa = PBXBuildFile; fileRef = D277089D1EF83A6D0061820F /* HotViewController.swift */; };
		D27708A01EF83A9A0061820F /* Hot.storyboard in Resources */ = {isa = PBXBuildFile; fileRef = D277089F1EF83A9A0061820F /* Hot.storyboard */; };
		D27708A61EF915F60061820F /* HotTopicsTableViewCell.swift in Sources */ = {isa = PBXBuildFile; fileRef = D27708A41EF915F60061820F /* HotTopicsTableViewCell.swift */; };
		D27708A71EF915F60061820F /* HotTopicsTableViewCell.xib in Resources */ = {isa = PBXBuildFile; fileRef = D27708A51EF915F60061820F /* HotTopicsTableViewCell.xib */; };
		D27708AA1EF9228B0061820F /* ViewRoute.swift in Sources */ = {isa = PBXBuildFile; fileRef = D27708A91EF9228B0061820F /* ViewRoute.swift */; };
		D27708B01EF92E8D0061820F /* HotViewModel.swift in Sources */ = {isa = PBXBuildFile; fileRef = D27708AF1EF92E8D0061820F /* HotViewModel.swift */; };
		D27708B21EF95C340061820F /* UITableViewExtension.swift in Sources */ = {isa = PBXBuildFile; fileRef = D27708B11EF95C340061820F /* UITableViewExtension.swift */; };
		D27708B41EF95FB70061820F /* Config.swift in Sources */ = {isa = PBXBuildFile; fileRef = D27708B31EF95FB70061820F /* Config.swift */; };
		D27708B61EF9629B0061820F /* PublicFucn.swift in Sources */ = {isa = PBXBuildFile; fileRef = D27708B51EF9629B0061820F /* PublicFucn.swift */; };
		D27708B81EF962E00061820F /* DateExtension.swift in Sources */ = {isa = PBXBuildFile; fileRef = D27708B71EF962E00061820F /* DateExtension.swift */; };
		D27708BB1EF96C7F0061820F /* AFNManger.swift in Sources */ = {isa = PBXBuildFile; fileRef = D27708BA1EF96C7F0061820F /* AFNManger.swift */; };
		D27708BD1EF96D8B0061820F /* RequestUrl.swift in Sources */ = {isa = PBXBuildFile; fileRef = D27708BC1EF96D8B0061820F /* RequestUrl.swift */; };
		D27708BF1EF97FCF0061820F /* MBProgressHUDExtension.swift in Sources */ = {isa = PBXBuildFile; fileRef = D27708BE1EF97FCF0061820F /* MBProgressHUDExtension.swift */; };
		D27708C31EFA263C0061820F /* NavigationProtrol.swift in Sources */ = {isa = PBXBuildFile; fileRef = D27708C21EFA263C0061820F /* NavigationProtrol.swift */; };
		D27708C51EFA34180061820F /* MJRefreshDelegate.swift in Sources */ = {isa = PBXBuildFile; fileRef = D27708C41EFA34180061820F /* MJRefreshDelegate.swift */; };
		D27708C81EFAB2260061820F /* WKWebViewController.swift in Sources */ = {isa = PBXBuildFile; fileRef = D27708C71EFAB2260061820F /* WKWebViewController.swift */; };
		D27708CA1EFAB2F90061820F /* WKViewModel.swift in Sources */ = {isa = PBXBuildFile; fileRef = D27708C91EFAB2F90061820F /* WKViewModel.swift */; };
		D27708CC1EFAB8F30061820F /* UIViewControllerExtension.swift in Sources */ = {isa = PBXBuildFile; fileRef = D27708CB1EFAB8F30061820F /* UIViewControllerExtension.swift */; };
		D27708CE1EFAC1EB0061820F /* WKToolBar.swift in Sources */ = {isa = PBXBuildFile; fileRef = D27708CD1EFAC1EB0061820F /* WKToolBar.swift */; };
		D27708D31EFACE8E0061820F /* DetailViewController.swift in Sources */ = {isa = PBXBuildFile; fileRef = D27708D21EFACE8E0061820F /* DetailViewController.swift */; };
		D27708D51EFACE990061820F /* DetailViewModel.swift in Sources */ = {isa = PBXBuildFile; fileRef = D27708D41EFACE990061820F /* DetailViewModel.swift */; };
		D27708D81EFAD7280061820F /* DetailHeaderView.swift in Sources */ = {isa = PBXBuildFile; fileRef = D27708D71EFAD7280061820F /* DetailHeaderView.swift */; };
		D27708DC1EFB9BC20061820F /* OperateData.swift in Sources */ = {isa = PBXBuildFile; fileRef = D27708DB1EFB9BC20061820F /* OperateData.swift */; };
		D2B590141EFBF1DC008B7C89 /* NSObjcetExtension.swift in Sources */ = {isa = PBXBuildFile; fileRef = D2B590131EFBF1DC008B7C89 /* NSObjcetExtension.swift */; };
		D2B590171EFC155A008B7C89 /* CommentTableViewCell.swift in Sources */ = {isa = PBXBuildFile; fileRef = D2B590151EFC155A008B7C89 /* CommentTableViewCell.swift */; };
		D2B590181EFC155A008B7C89 /* CommentTableViewCell.xib in Resources */ = {isa = PBXBuildFile; fileRef = D2B590161EFC155A008B7C89 /* CommentTableViewCell.xib */; };
		DE66E1EF4EDA6B4FE5716111 /* Pods_V2EXios.framework in Frameworks */ = {isa = PBXBuildFile; fileRef = 57C0A652AF4A8FDCC121DC1A /* Pods_V2EXios.framework */; };
/* End PBXBuildFile section */

/* Begin PBXContainerItemProxy section */
		D260D6171EF8256E0098CDD5 /* PBXContainerItemProxy */ = {
			isa = PBXContainerItemProxy;
			containerPortal = D260D5F71EF8256E0098CDD5 /* Project object */;
			proxyType = 1;
			remoteGlobalIDString = D260D5FE1EF8256E0098CDD5;
			remoteInfo = V2EXios;
		};
/* End PBXContainerItemProxy section */

/* Begin PBXFileReference section */
		2BED51A1C634349948E0FB36 /* Pods-V2EXios.debug.xcconfig */ = {isa = PBXFileReference; includeInIndex = 1; lastKnownFileType = text.xcconfig; name = "Pods-V2EXios.debug.xcconfig"; path = "Pods/Target Support Files/Pods-V2EXios/Pods-V2EXios.debug.xcconfig"; sourceTree = "<group>"; };
		5629C9DF27559C0801B76E5F /* Pods-V2EXios.release.xcconfig */ = {isa = PBXFileReference; includeInIndex = 1; lastKnownFileType = text.xcconfig; name = "Pods-V2EXios.release.xcconfig"; path = "Pods/Target Support Files/Pods-V2EXios/Pods-V2EXios.release.xcconfig"; sourceTree = "<group>"; };
		57C0A652AF4A8FDCC121DC1A /* Pods_V2EXios.framework */ = {isa = PBXFileReference; explicitFileType = wrapper.framework; includeInIndex = 0; path = Pods_V2EXios.framework; sourceTree = BUILT_PRODUCTS_DIR; };
		821544447586F8AD0B3E0377 /* Pods-V2EXiosTests.debug.xcconfig */ = {isa = PBXFileReference; includeInIndex = 1; lastKnownFileType = text.xcconfig; name = "Pods-V2EXiosTests.debug.xcconfig"; path = "Pods/Target Support Files/Pods-V2EXiosTests/Pods-V2EXiosTests.debug.xcconfig"; sourceTree = "<group>"; };
		B61CFC4802471F3094924967 /* Pods_V2EXiosTests.framework */ = {isa = PBXFileReference; explicitFileType = wrapper.framework; includeInIndex = 0; path = Pods_V2EXiosTests.framework; sourceTree = BUILT_PRODUCTS_DIR; };
		D260D5FF1EF8256E0098CDD5 /* V2EXios.app */ = {isa = PBXFileReference; explicitFileType = wrapper.application; includeInIndex = 0; path = V2EXios.app; sourceTree = BUILT_PRODUCTS_DIR; };
		D260D6021EF8256E0098CDD5 /* AppDelegate.swift */ = {isa = PBXFileReference; lastKnownFileType = sourcecode.swift; path = AppDelegate.swift; sourceTree = "<group>"; };
		D260D6071EF8256E0098CDD5 /* Base */ = {isa = PBXFileReference; lastKnownFileType = file.storyboard; name = Base; path = Base.lproj/Main.storyboard; sourceTree = "<group>"; };
		D260D60A1EF8256E0098CDD5 /* V2EXios.xcdatamodel */ = {isa = PBXFileReference; lastKnownFileType = wrapper.xcdatamodel; path = V2EXios.xcdatamodel; sourceTree = "<group>"; };
		D260D60C1EF8256E0098CDD5 /* Assets.xcassets */ = {isa = PBXFileReference; lastKnownFileType = folder.assetcatalog; path = Assets.xcassets; sourceTree = "<group>"; };
		D260D60F1EF8256E0098CDD5 /* Base */ = {isa = PBXFileReference; lastKnownFileType = file.storyboard; name = Base; path = Base.lproj/LaunchScreen.storyboard; sourceTree = "<group>"; };
		D260D6111EF8256E0098CDD5 /* Info.plist */ = {isa = PBXFileReference; lastKnownFileType = text.plist.xml; path = Info.plist; sourceTree = "<group>"; };
		D260D6161EF8256E0098CDD5 /* V2EXiosTests.xctest */ = {isa = PBXFileReference; explicitFileType = wrapper.cfbundle; includeInIndex = 0; path = V2EXiosTests.xctest; sourceTree = BUILT_PRODUCTS_DIR; };
		D260D61A1EF8256E0098CDD5 /* V2EXiosTests.swift */ = {isa = PBXFileReference; lastKnownFileType = sourcecode.swift; path = V2EXiosTests.swift; sourceTree = "<group>"; };
		D260D61C1EF8256E0098CDD5 /* Info.plist */ = {isa = PBXFileReference; lastKnownFileType = text.plist.xml; path = Info.plist; sourceTree = "<group>"; };
		D277089B1EF839900061820F /* VETabBarController.swift */ = {isa = PBXFileReference; fileEncoding = 4; lastKnownFileType = sourcecode.swift; path = VETabBarController.swift; sourceTree = "<group>"; };
		D277089D1EF83A6D0061820F /* HotViewController.swift */ = {isa = PBXFileReference; fileEncoding = 4; lastKnownFileType = sourcecode.swift; path = HotViewController.swift; sourceTree = "<group>"; };
		D277089F1EF83A9A0061820F /* Hot.storyboard */ = {isa = PBXFileReference; fileEncoding = 4; lastKnownFileType = file.storyboard; path = Hot.storyboard; sourceTree = "<group>"; };
		D27708A41EF915F60061820F /* HotTopicsTableViewCell.swift */ = {isa = PBXFileReference; fileEncoding = 4; lastKnownFileType = sourcecode.swift; path = HotTopicsTableViewCell.swift; sourceTree = "<group>"; };
		D27708A51EF915F60061820F /* HotTopicsTableViewCell.xib */ = {isa = PBXFileReference; fileEncoding = 4; lastKnownFileType = file.xib; path = HotTopicsTableViewCell.xib; sourceTree = "<group>"; };
		D27708A91EF9228B0061820F /* ViewRoute.swift */ = {isa = PBXFileReference; fileEncoding = 4; lastKnownFileType = sourcecode.swift; path = ViewRoute.swift; sourceTree = "<group>"; };
		D27708AB1EF92C7F0061820F /* V2EXios-Bridging-Header.h */ = {isa = PBXFileReference; lastKnownFileType = sourcecode.c.h; path = "V2EXios-Bridging-Header.h"; sourceTree = "<group>"; };
		D27708AF1EF92E8D0061820F /* HotViewModel.swift */ = {isa = PBXFileReference; fileEncoding = 4; lastKnownFileType = sourcecode.swift; path = HotViewModel.swift; sourceTree = "<group>"; };
		D27708B11EF95C340061820F /* UITableViewExtension.swift */ = {isa = PBXFileReference; fileEncoding = 4; lastKnownFileType = sourcecode.swift; path = UITableViewExtension.swift; sourceTree = "<group>"; };
		D27708B31EF95FB70061820F /* Config.swift */ = {isa = PBXFileReference; fileEncoding = 4; lastKnownFileType = sourcecode.swift; path = Config.swift; sourceTree = "<group>"; };
		D27708B51EF9629B0061820F /* PublicFucn.swift */ = {isa = PBXFileReference; fileEncoding = 4; lastKnownFileType = sourcecode.swift; path = PublicFucn.swift; sourceTree = "<group>"; };
		D27708B71EF962E00061820F /* DateExtension.swift */ = {isa = PBXFileReference; fileEncoding = 4; lastKnownFileType = sourcecode.swift; path = DateExtension.swift; sourceTree = "<group>"; };
		D27708BA1EF96C7F0061820F /* AFNManger.swift */ = {isa = PBXFileReference; fileEncoding = 4; lastKnownFileType = sourcecode.swift; path = AFNManger.swift; sourceTree = "<group>"; };
		D27708BC1EF96D8B0061820F /* RequestUrl.swift */ = {isa = PBXFileReference; fileEncoding = 4; lastKnownFileType = sourcecode.swift; path = RequestUrl.swift; sourceTree = "<group>"; };
		D27708BE1EF97FCF0061820F /* MBProgressHUDExtension.swift */ = {isa = PBXFileReference; fileEncoding = 4; lastKnownFileType = sourcecode.swift; path = MBProgressHUDExtension.swift; sourceTree = "<group>"; };
		D27708C21EFA263C0061820F /* NavigationProtrol.swift */ = {isa = PBXFileReference; fileEncoding = 4; lastKnownFileType = sourcecode.swift; path = NavigationProtrol.swift; sourceTree = "<group>"; };
		D27708C41EFA34180061820F /* MJRefreshDelegate.swift */ = {isa = PBXFileReference; fileEncoding = 4; lastKnownFileType = sourcecode.swift; path = MJRefreshDelegate.swift; sourceTree = "<group>"; };
		D27708C71EFAB2260061820F /* WKWebViewController.swift */ = {isa = PBXFileReference; fileEncoding = 4; lastKnownFileType = sourcecode.swift; path = WKWebViewController.swift; sourceTree = "<group>"; };
		D27708C91EFAB2F90061820F /* WKViewModel.swift */ = {isa = PBXFileReference; fileEncoding = 4; lastKnownFileType = sourcecode.swift; path = WKViewModel.swift; sourceTree = "<group>"; };
		D27708CB1EFAB8F30061820F /* UIViewControllerExtension.swift */ = {isa = PBXFileReference; fileEncoding = 4; lastKnownFileType = sourcecode.swift; path = UIViewControllerExtension.swift; sourceTree = "<group>"; };
		D27708CD1EFAC1EB0061820F /* WKToolBar.swift */ = {isa = PBXFileReference; fileEncoding = 4; lastKnownFileType = sourcecode.swift; path = WKToolBar.swift; sourceTree = "<group>"; };
		D27708D21EFACE8E0061820F /* DetailViewController.swift */ = {isa = PBXFileReference; fileEncoding = 4; lastKnownFileType = sourcecode.swift; path = DetailViewController.swift; sourceTree = "<group>"; };
		D27708D41EFACE990061820F /* DetailViewModel.swift */ = {isa = PBXFileReference; fileEncoding = 4; lastKnownFileType = sourcecode.swift; path = DetailViewModel.swift; sourceTree = "<group>"; };
		D27708D71EFAD7280061820F /* DetailHeaderView.swift */ = {isa = PBXFileReference; fileEncoding = 4; lastKnownFileType = sourcecode.swift; path = DetailHeaderView.swift; sourceTree = "<group>"; };
		D27708DB1EFB9BC20061820F /* OperateData.swift */ = {isa = PBXFileReference; fileEncoding = 4; lastKnownFileType = sourcecode.swift; path = OperateData.swift; sourceTree = "<group>"; };
		D2B590131EFBF1DC008B7C89 /* NSObjcetExtension.swift */ = {isa = PBXFileReference; fileEncoding = 4; lastKnownFileType = sourcecode.swift; path = NSObjcetExtension.swift; sourceTree = "<group>"; };
		D2B590151EFC155A008B7C89 /* CommentTableViewCell.swift */ = {isa = PBXFileReference; fileEncoding = 4; lastKnownFileType = sourcecode.swift; path = CommentTableViewCell.swift; sourceTree = "<group>"; };
		D2B590161EFC155A008B7C89 /* CommentTableViewCell.xib */ = {isa = PBXFileReference; fileEncoding = 4; lastKnownFileType = file.xib; path = CommentTableViewCell.xib; sourceTree = "<group>"; };
		F04D429307177BEB4EC46400 /* Pods-V2EXiosTests.release.xcconfig */ = {isa = PBXFileReference; includeInIndex = 1; lastKnownFileType = text.xcconfig; name = "Pods-V2EXiosTests.release.xcconfig"; path = "Pods/Target Support Files/Pods-V2EXiosTests/Pods-V2EXiosTests.release.xcconfig"; sourceTree = "<group>"; };
/* End PBXFileReference section */

/* Begin PBXFrameworksBuildPhase section */
		D260D5FC1EF8256E0098CDD5 /* Frameworks */ = {
			isa = PBXFrameworksBuildPhase;
			buildActionMask = 2147483647;
			files = (
				DE66E1EF4EDA6B4FE5716111 /* Pods_V2EXios.framework in Frameworks */,
			);
			runOnlyForDeploymentPostprocessing = 0;
		};
		D260D6131EF8256E0098CDD5 /* Frameworks */ = {
			isa = PBXFrameworksBuildPhase;
			buildActionMask = 2147483647;
			files = (
				B42FB1713D48028BFD1C1CD1 /* Pods_V2EXiosTests.framework in Frameworks */,
			);
			runOnlyForDeploymentPostprocessing = 0;
		};
/* End PBXFrameworksBuildPhase section */

/* Begin PBXGroup section */
		2B56D82C766F1DDA8BCFB544 /* Frameworks */ = {
			isa = PBXGroup;
			children = (
				57C0A652AF4A8FDCC121DC1A /* Pods_V2EXios.framework */,
				B61CFC4802471F3094924967 /* Pods_V2EXiosTests.framework */,
			);
			name = Frameworks;
			sourceTree = "<group>";
		};
		328CA8F023F9083CDA10980D /* Pods */ = {
			isa = PBXGroup;
			children = (
				2BED51A1C634349948E0FB36 /* Pods-V2EXios.debug.xcconfig */,
				5629C9DF27559C0801B76E5F /* Pods-V2EXios.release.xcconfig */,
				821544447586F8AD0B3E0377 /* Pods-V2EXiosTests.debug.xcconfig */,
				F04D429307177BEB4EC46400 /* Pods-V2EXiosTests.release.xcconfig */,
			);
			name = Pods;
			sourceTree = "<group>";
		};
		D260D5F61EF8256E0098CDD5 = {
			isa = PBXGroup;
			children = (
				D260D6011EF8256E0098CDD5 /* V2EXios */,
				D260D6191EF8256E0098CDD5 /* V2EXiosTests */,
				D260D6001EF8256E0098CDD5 /* Products */,
				328CA8F023F9083CDA10980D /* Pods */,
				2B56D82C766F1DDA8BCFB544 /* Frameworks */,
			);
			sourceTree = "<group>";
		};
		D260D6001EF8256E0098CDD5 /* Products */ = {
			isa = PBXGroup;
			children = (
				D260D5FF1EF8256E0098CDD5 /* V2EXios.app */,
				D260D6161EF8256E0098CDD5 /* V2EXiosTests.xctest */,
			);
			name = Products;
			sourceTree = "<group>";
		};
		D260D6011EF8256E0098CDD5 /* V2EXios */ = {
			isa = PBXGroup;
			children = (
				D27708B91EF96BC90061820F /* NetWork */,
				D27708A81EF922700061820F /* Utils */,
				D277089A1EF839050061820F /* MainModule */,
				D27708991EF837150061820F /* TopicsLatest */,
				D27708981EF8370C0061820F /* TopicsHot */,
				D27708CF1EFACDDB0061820F /* Detial */,
				D260D62A1EF8303C0098CDD5 /* Views */,
				D260D6291EF830200098CDD5 /* Resource */,
				D260D6281EF830190098CDD5 /* Models */,
				D260D6271EF830140098CDD5 /* General */,
				D260D6261EF8300C0098CDD5 /* Extensions */,
				D260D6251EF8275D0098CDD5 /* Application */,
			);
			path = V2EXios;
			sourceTree = "<group>";
		};
		D260D6191EF8256E0098CDD5 /* V2EXiosTests */ = {
			isa = PBXGroup;
			children = (
				D260D61A1EF8256E0098CDD5 /* V2EXiosTests.swift */,
				D260D61C1EF8256E0098CDD5 /* Info.plist */,
			);
			path = V2EXiosTests;
			sourceTree = "<group>";
		};
		D260D6251EF8275D0098CDD5 /* Application */ = {
			isa = PBXGroup;
			children = (
				D27708AB1EF92C7F0061820F /* V2EXios-Bridging-Header.h */,
				D260D60C1EF8256E0098CDD5 /* Assets.xcassets */,
				D260D60E1EF8256E0098CDD5 /* LaunchScreen.storyboard */,
				D260D6021EF8256E0098CDD5 /* AppDelegate.swift */,
				D260D6111EF8256E0098CDD5 /* Info.plist */,
			);
			name = Application;
			sourceTree = "<group>";
		};
		D260D6261EF8300C0098CDD5 /* Extensions */ = {
			isa = PBXGroup;
			children = (
				D27708CB1EFAB8F30061820F /* UIViewControllerExtension.swift */,
				D27708B11EF95C340061820F /* UITableViewExtension.swift */,
				D27708B71EF962E00061820F /* DateExtension.swift */,
				D27708BE1EF97FCF0061820F /* MBProgressHUDExtension.swift */,
				D2B590131EFBF1DC008B7C89 /* NSObjcetExtension.swift */,
			);
			path = Extensions;
			sourceTree = "<group>";
		};
		D260D6271EF830140098CDD5 /* General */ = {
			isa = PBXGroup;
			children = (
				D27708C61EFAB1F60061820F /* WKWebView */,
			);
			path = General;
			sourceTree = "<group>";
		};
		D260D6281EF830190098CDD5 /* Models */ = {
			isa = PBXGroup;
			children = (
				D260D6091EF8256E0098CDD5 /* V2EXios.xcdatamodeld */,
			);
			path = Models;
			sourceTree = "<group>";
		};
		D260D6291EF830200098CDD5 /* Resource */ = {
			isa = PBXGroup;
			children = (
			);
			path = Resource;
			sourceTree = "<group>";
		};
		D260D62A1EF8303C0098CDD5 /* Views */ = {
			isa = PBXGroup;
			children = (
				D27708CD1EFAC1EB0061820F /* WKToolBar.swift */,
			);
			path = Views;
			sourceTree = "<group>";
		};
		D27708981EF8370C0061820F /* TopicsHot */ = {
			isa = PBXGroup;
			children = (
				D27708A31EF915810061820F /* View */,
				D27708A21EF915780061820F /* ViewModel */,
				D27708A11EF915700061820F /* Controller */,
				D277089F1EF83A9A0061820F /* Hot.storyboard */,
			);
			path = TopicsHot;
			sourceTree = "<group>";
		};
		D27708991EF837150061820F /* TopicsLatest */ = {
			isa = PBXGroup;
			children = (
			);
			path = TopicsLatest;
			sourceTree = "<group>";
		};
		D277089A1EF839050061820F /* MainModule */ = {
			isa = PBXGroup;
			children = (
				D260D6061EF8256E0098CDD5 /* Main.storyboard */,
				D277089B1EF839900061820F /* VETabBarController.swift */,
			);
			path = MainModule;
			sourceTree = "<group>";
		};
		D27708A11EF915700061820F /* Controller */ = {
			isa = PBXGroup;
			children = (
				D277089D1EF83A6D0061820F /* HotViewController.swift */,
			);
			name = Controller;
			sourceTree = "<group>";
		};
		D27708A21EF915780061820F /* ViewModel */ = {
			isa = PBXGroup;
			children = (
				D27708AF1EF92E8D0061820F /* HotViewModel.swift */,
			);
			name = ViewModel;
			sourceTree = "<group>";
		};
		D27708A31EF915810061820F /* View */ = {
			isa = PBXGroup;
			children = (
				D27708A41EF915F60061820F /* HotTopicsTableViewCell.swift */,
				D27708A51EF915F60061820F /* HotTopicsTableViewCell.xib */,
			);
			name = View;
			sourceTree = "<group>";
		};
		D27708A81EF922700061820F /* Utils */ = {
			isa = PBXGroup;
			children = (
				D27708DB1EFB9BC20061820F /* OperateData.swift */,
				D27708A91EF9228B0061820F /* ViewRoute.swift */,
				D27708B31EF95FB70061820F /* Config.swift */,
				D27708B51EF9629B0061820F /* PublicFucn.swift */,
				D27708C21EFA263C0061820F /* NavigationProtrol.swift */,
				D27708C41EFA34180061820F /* MJRefreshDelegate.swift */,
			);
			path = Utils;
			sourceTree = "<group>";
		};
		D27708B91EF96BC90061820F /* NetWork */ = {
			isa = PBXGroup;
			children = (
				D27708BA1EF96C7F0061820F /* AFNManger.swift */,
				D27708BC1EF96D8B0061820F /* RequestUrl.swift */,
			);
			path = NetWork;
			sourceTree = "<group>";
		};
		D27708C61EFAB1F60061820F /* WKWebView */ = {
			isa = PBXGroup;
			children = (
				D27708C91EFAB2F90061820F /* WKViewModel.swift */,
				D27708C71EFAB2260061820F /* WKWebViewController.swift */,
			);
			name = WKWebView;
			sourceTree = "<group>";
		};
		D27708CF1EFACDDB0061820F /* Detial */ = {
			isa = PBXGroup;
			children = (
				D27708D61EFACF0F0061820F /* View */,
				D27708D11EFACDF20061820F /* ViewModel */,
				D27708D01EFACDE90061820F /* ViewController */,
			);
			path = Detial;
			sourceTree = "<group>";
		};
		D27708D01EFACDE90061820F /* ViewController */ = {
			isa = PBXGroup;
			children = (
				D27708D21EFACE8E0061820F /* DetailViewController.swift */,
			);
			name = ViewController;
			sourceTree = "<group>";
		};
		D27708D11EFACDF20061820F /* ViewModel */ = {
			isa = PBXGroup;
			children = (
				D27708D41EFACE990061820F /* DetailViewModel.swift */,
			);
			name = ViewModel;
			sourceTree = "<group>";
		};
		D27708D61EFACF0F0061820F /* View */ = {
			isa = PBXGroup;
			children = (
				D27708D71EFAD7280061820F /* DetailHeaderView.swift */,
				D2B590151EFC155A008B7C89 /* CommentTableViewCell.swift */,
				D2B590161EFC155A008B7C89 /* CommentTableViewCell.xib */,
			);
			name = View;
			sourceTree = "<group>";
		};
/* End PBXGroup section */

/* Begin PBXNativeTarget section */
		D260D5FE1EF8256E0098CDD5 /* V2EXios */ = {
			isa = PBXNativeTarget;
			buildConfigurationList = D260D61F1EF8256E0098CDD5 /* Build configuration list for PBXNativeTarget "V2EXios" */;
			buildPhases = (
				D93404DD6BCE980334B9DDF7 /* [CP] Check Pods Manifest.lock */,
				D260D5FB1EF8256E0098CDD5 /* Sources */,
				D260D5FC1EF8256E0098CDD5 /* Frameworks */,
				D260D5FD1EF8256E0098CDD5 /* Resources */,
				B4262BD5445C4F21A120121D /* [CP] Embed Pods Frameworks */,
				2E0927517F1103F0BFC05B40 /* [CP] Copy Pods Resources */,
			);
			buildRules = (
			);
			dependencies = (
			);
			name = V2EXios;
			productName = V2EXios;
			productReference = D260D5FF1EF8256E0098CDD5 /* V2EXios.app */;
			productType = "com.apple.product-type.application";
		};
		D260D6151EF8256E0098CDD5 /* V2EXiosTests */ = {
			isa = PBXNativeTarget;
			buildConfigurationList = D260D6221EF8256E0098CDD5 /* Build configuration list for PBXNativeTarget "V2EXiosTests" */;
			buildPhases = (
				A31DA4D5A84268ABD81AC8C3 /* [CP] Check Pods Manifest.lock */,
				D260D6121EF8256E0098CDD5 /* Sources */,
				D260D6131EF8256E0098CDD5 /* Frameworks */,
				D260D6141EF8256E0098CDD5 /* Resources */,
				6ECE71CAE62D28BA0C33B9EE /* [CP] Embed Pods Frameworks */,
				1A089A5DD92966965173953A /* [CP] Copy Pods Resources */,
			);
			buildRules = (
			);
			dependencies = (
				D260D6181EF8256E0098CDD5 /* PBXTargetDependency */,
			);
			name = V2EXiosTests;
			productName = V2EXiosTests;
			productReference = D260D6161EF8256E0098CDD5 /* V2EXiosTests.xctest */;
			productType = "com.apple.product-type.bundle.unit-test";
		};
/* End PBXNativeTarget section */

/* Begin PBXProject section */
		D260D5F71EF8256E0098CDD5 /* Project object */ = {
			isa = PBXProject;
			attributes = {
				LastSwiftUpdateCheck = 0820;
				LastUpgradeCheck = 0820;
				ORGANIZATIONNAME = haowang;
				TargetAttributes = {
					D260D5FE1EF8256E0098CDD5 = {
						CreatedOnToolsVersion = 8.2.1;
						DevelopmentTeam = 4K5C5J6AQ9;
						LastSwiftMigration = 0820;
						ProvisioningStyle = Automatic;
					};
					D260D6151EF8256E0098CDD5 = {
						CreatedOnToolsVersion = 8.2.1;
						DevelopmentTeam = 4K5C5J6AQ9;
						ProvisioningStyle = Automatic;
						TestTargetID = D260D5FE1EF8256E0098CDD5;
					};
				};
			};
			buildConfigurationList = D260D5FA1EF8256E0098CDD5 /* Build configuration list for PBXProject "V2EXios" */;
			compatibilityVersion = "Xcode 3.2";
			developmentRegion = English;
			hasScannedForEncodings = 0;
			knownRegions = (
				en,
				Base,
			);
			mainGroup = D260D5F61EF8256E0098CDD5;
			productRefGroup = D260D6001EF8256E0098CDD5 /* Products */;
			projectDirPath = "";
			projectRoot = "";
			targets = (
				D260D5FE1EF8256E0098CDD5 /* V2EXios */,
				D260D6151EF8256E0098CDD5 /* V2EXiosTests */,
			);
		};
/* End PBXProject section */

/* Begin PBXResourcesBuildPhase section */
		D260D5FD1EF8256E0098CDD5 /* Resources */ = {
			isa = PBXResourcesBuildPhase;
			buildActionMask = 2147483647;
			files = (
				D27708A71EF915F60061820F /* HotTopicsTableViewCell.xib in Resources */,
				D2B590181EFC155A008B7C89 /* CommentTableViewCell.xib in Resources */,
				D27708A01EF83A9A0061820F /* Hot.storyboard in Resources */,
				D260D6101EF8256E0098CDD5 /* LaunchScreen.storyboard in Resources */,
				D260D60D1EF8256E0098CDD5 /* Assets.xcassets in Resources */,
				D260D6081EF8256E0098CDD5 /* Main.storyboard in Resources */,
			);
			runOnlyForDeploymentPostprocessing = 0;
		};
		D260D6141EF8256E0098CDD5 /* Resources */ = {
			isa = PBXResourcesBuildPhase;
			buildActionMask = 2147483647;
			files = (
			);
			runOnlyForDeploymentPostprocessing = 0;
		};
/* End PBXResourcesBuildPhase section */

/* Begin PBXShellScriptBuildPhase section */
		1A089A5DD92966965173953A /* [CP] Copy Pods Resources */ = {
			isa = PBXShellScriptBuildPhase;
			buildActionMask = 2147483647;
			files = (
			);
			inputPaths = (
			);
			name = "[CP] Copy Pods Resources";
			outputPaths = (
			);
			runOnlyForDeploymentPostprocessing = 0;
			shellPath = /bin/sh;
			shellScript = "\"${SRCROOT}/Pods/Target Support Files/Pods-V2EXiosTests/Pods-V2EXiosTests-resources.sh\"\n";
			showEnvVarsInLog = 0;
		};
		2E0927517F1103F0BFC05B40 /* [CP] Copy Pods Resources */ = {
			isa = PBXShellScriptBuildPhase;
			buildActionMask = 2147483647;
			files = (
			);
			inputPaths = (
			);
			name = "[CP] Copy Pods Resources";
			outputPaths = (
			);
			runOnlyForDeploymentPostprocessing = 0;
			shellPath = /bin/sh;
			shellScript = "\"${SRCROOT}/Pods/Target Support Files/Pods-V2EXios/Pods-V2EXios-resources.sh\"\n";
			showEnvVarsInLog = 0;
		};
		6ECE71CAE62D28BA0C33B9EE /* [CP] Embed Pods Frameworks */ = {
			isa = PBXShellScriptBuildPhase;
			buildActionMask = 2147483647;
			files = (
			);
			inputPaths = (
			);
			name = "[CP] Embed Pods Frameworks";
			outputPaths = (
			);
			runOnlyForDeploymentPostprocessing = 0;
			shellPath = /bin/sh;
			shellScript = "\"${SRCROOT}/Pods/Target Support Files/Pods-V2EXiosTests/Pods-V2EXiosTests-frameworks.sh\"\n";
			showEnvVarsInLog = 0;
		};
		A31DA4D5A84268ABD81AC8C3 /* [CP] Check Pods Manifest.lock */ = {
			isa = PBXShellScriptBuildPhase;
			buildActionMask = 2147483647;
			files = (
			);
			inputPaths = (
			);
			name = "[CP] Check Pods Manifest.lock";
			outputPaths = (
			);
			runOnlyForDeploymentPostprocessing = 0;
			shellPath = /bin/sh;
			shellScript = "diff \"${PODS_ROOT}/../Podfile.lock\" \"${PODS_ROOT}/Manifest.lock\" > /dev/null\nif [ $? != 0 ] ; then\n    # print error to STDERR\n    echo \"error: The sandbox is not in sync with the Podfile.lock. Run 'pod install' or update your CocoaPods installation.\" >&2\n    exit 1\nfi\n";
			showEnvVarsInLog = 0;
		};
		B4262BD5445C4F21A120121D /* [CP] Embed Pods Frameworks */ = {
			isa = PBXShellScriptBuildPhase;
			buildActionMask = 2147483647;
			files = (
			);
			inputPaths = (
			);
			name = "[CP] Embed Pods Frameworks";
			outputPaths = (
			);
			runOnlyForDeploymentPostprocessing = 0;
			shellPath = /bin/sh;
			shellScript = "\"${SRCROOT}/Pods/Target Support Files/Pods-V2EXios/Pods-V2EXios-frameworks.sh\"\n";
			showEnvVarsInLog = 0;
		};
		D93404DD6BCE980334B9DDF7 /* [CP] Check Pods Manifest.lock */ = {
			isa = PBXShellScriptBuildPhase;
			buildActionMask = 2147483647;
			files = (
			);
			inputPaths = (
			);
			name = "[CP] Check Pods Manifest.lock";
			outputPaths = (
			);
			runOnlyForDeploymentPostprocessing = 0;
			shellPath = /bin/sh;
			shellScript = "diff \"${PODS_ROOT}/../Podfile.lock\" \"${PODS_ROOT}/Manifest.lock\" > /dev/null\nif [ $? != 0 ] ; then\n    # print error to STDERR\n    echo \"error: The sandbox is not in sync with the Podfile.lock. Run 'pod install' or update your CocoaPods installation.\" >&2\n    exit 1\nfi\n";
			showEnvVarsInLog = 0;
		};
/* End PBXShellScriptBuildPhase section */

/* Begin PBXSourcesBuildPhase section */
		D260D5FB1EF8256E0098CDD5 /* Sources */ = {
			isa = PBXSourcesBuildPhase;
			buildActionMask = 2147483647;
			files = (
				D27708C31EFA263C0061820F /* NavigationProtrol.swift in Sources */,
				D27708B61EF9629B0061820F /* PublicFucn.swift in Sources */,
				D27708BB1EF96C7F0061820F /* AFNManger.swift in Sources */,
				D27708D81EFAD7280061820F /* DetailHeaderView.swift in Sources */,
				D27708C51EFA34180061820F /* MJRefreshDelegate.swift in Sources */,
				D277089E1EF83A6D0061820F /* HotViewController.swift in Sources */,
				D27708D51EFACE990061820F /* DetailViewModel.swift in Sources */,
				D260D60B1EF8256E0098CDD5 /* V2EXios.xcdatamodeld in Sources */,
				D27708D31EFACE8E0061820F /* DetailViewController.swift in Sources */,
				D2B590141EFBF1DC008B7C89 /* NSObjcetExtension.swift in Sources */,
				D27708B41EF95FB70061820F /* Config.swift in Sources */,
				D27708AA1EF9228B0061820F /* ViewRoute.swift in Sources */,
				D27708CA1EFAB2F90061820F /* WKViewModel.swift in Sources */,
				D27708B21EF95C340061820F /* UITableViewExtension.swift in Sources */,
				D27708BF1EF97FCF0061820F /* MBProgressHUDExtension.swift in Sources */,
				D27708BD1EF96D8B0061820F /* RequestUrl.swift in Sources */,
				D27708B81EF962E00061820F /* DateExtension.swift in Sources */,
				D27708A61EF915F60061820F /* HotTopicsTableViewCell.swift in Sources */,
				D27708B01EF92E8D0061820F /* HotViewModel.swift in Sources */,
				D260D6031EF8256E0098CDD5 /* AppDelegate.swift in Sources */,
				D27708CC1EFAB8F30061820F /* UIViewControllerExtension.swift in Sources */,
				D2B590171EFC155A008B7C89 /* CommentTableViewCell.swift in Sources */,
				D277089C1EF839900061820F /* VETabBarController.swift in Sources */,
				D27708C81EFAB2260061820F /* WKWebViewController.swift in Sources */,
				D27708DC1EFB9BC20061820F /* OperateData.swift in Sources */,
				D27708CE1EFAC1EB0061820F /* WKToolBar.swift in Sources */,
			);
			runOnlyForDeploymentPostprocessing = 0;
		};
		D260D6121EF8256E0098CDD5 /* Sources */ = {
			isa = PBXSourcesBuildPhase;
			buildActionMask = 2147483647;
			files = (
				D260D61B1EF8256E0098CDD5 /* V2EXiosTests.swift in Sources */,
			);
			runOnlyForDeploymentPostprocessing = 0;
		};
/* End PBXSourcesBuildPhase section */

/* Begin PBXTargetDependency section */
		D260D6181EF8256E0098CDD5 /* PBXTargetDependency */ = {
			isa = PBXTargetDependency;
			target = D260D5FE1EF8256E0098CDD5 /* V2EXios */;
			targetProxy = D260D6171EF8256E0098CDD5 /* PBXContainerItemProxy */;
		};
/* End PBXTargetDependency section */

/* Begin PBXVariantGroup section */
		D260D6061EF8256E0098CDD5 /* Main.storyboard */ = {
			isa = PBXVariantGroup;
			children = (
				D260D6071EF8256E0098CDD5 /* Base */,
			);
			name = Main.storyboard;
			path = ..;
			sourceTree = "<group>";
		};
		D260D60E1EF8256E0098CDD5 /* LaunchScreen.storyboard */ = {
			isa = PBXVariantGroup;
			children = (
				D260D60F1EF8256E0098CDD5 /* Base */,
			);
			name = LaunchScreen.storyboard;
			sourceTree = "<group>";
		};
/* End PBXVariantGroup section */

/* Begin XCBuildConfiguration section */
		D260D61D1EF8256E0098CDD5 /* Debug */ = {
			isa = XCBuildConfiguration;
			buildSettings = {
				ALWAYS_SEARCH_USER_PATHS = NO;
				CLANG_ANALYZER_NONNULL = YES;
				CLANG_CXX_LANGUAGE_STANDARD = "gnu++0x";
				CLANG_CXX_LIBRARY = "libc++";
				CLANG_ENABLE_MODULES = YES;
				CLANG_ENABLE_OBJC_ARC = YES;
				CLANG_WARN_BOOL_CONVERSION = YES;
				CLANG_WARN_CONSTANT_CONVERSION = YES;
				CLANG_WARN_DIRECT_OBJC_ISA_USAGE = YES_ERROR;
				CLANG_WARN_DOCUMENTATION_COMMENTS = YES;
				CLANG_WARN_EMPTY_BODY = YES;
				CLANG_WARN_ENUM_CONVERSION = YES;
				CLANG_WARN_INFINITE_RECURSION = YES;
				CLANG_WARN_INT_CONVERSION = YES;
				CLANG_WARN_OBJC_ROOT_CLASS = YES_ERROR;
				CLANG_WARN_SUSPICIOUS_MOVE = YES;
				CLANG_WARN_UNREACHABLE_CODE = YES;
				CLANG_WARN__DUPLICATE_METHOD_MATCH = YES;
				"CODE_SIGN_IDENTITY[sdk=iphoneos*]" = "iPhone Developer";
				COPY_PHASE_STRIP = NO;
				DEBUG_INFORMATION_FORMAT = dwarf;
				ENABLE_STRICT_OBJC_MSGSEND = YES;
				ENABLE_TESTABILITY = YES;
				GCC_C_LANGUAGE_STANDARD = gnu99;
				GCC_DYNAMIC_NO_PIC = NO;
				GCC_NO_COMMON_BLOCKS = YES;
				GCC_OPTIMIZATION_LEVEL = 0;
				GCC_PREPROCESSOR_DEFINITIONS = (
					"DEBUG=1",
					"$(inherited)",
				);
				GCC_WARN_64_TO_32_BIT_CONVERSION = YES;
				GCC_WARN_ABOUT_RETURN_TYPE = YES_ERROR;
				GCC_WARN_UNDECLARED_SELECTOR = YES;
				GCC_WARN_UNINITIALIZED_AUTOS = YES_AGGRESSIVE;
				GCC_WARN_UNUSED_FUNCTION = YES;
				GCC_WARN_UNUSED_VARIABLE = YES;
				IPHONEOS_DEPLOYMENT_TARGET = 10.2;
				MTL_ENABLE_DEBUG_INFO = YES;
				ONLY_ACTIVE_ARCH = YES;
				SDKROOT = iphoneos;
				SWIFT_ACTIVE_COMPILATION_CONDITIONS = DEBUG;
				SWIFT_OPTIMIZATION_LEVEL = "-Onone";
			};
			name = Debug;
		};
		D260D61E1EF8256E0098CDD5 /* Release */ = {
			isa = XCBuildConfiguration;
			buildSettings = {
				ALWAYS_SEARCH_USER_PATHS = NO;
				CLANG_ANALYZER_NONNULL = YES;
				CLANG_CXX_LANGUAGE_STANDARD = "gnu++0x";
				CLANG_CXX_LIBRARY = "libc++";
				CLANG_ENABLE_MODULES = YES;
				CLANG_ENABLE_OBJC_ARC = YES;
				CLANG_WARN_BOOL_CONVERSION = YES;
				CLANG_WARN_CONSTANT_CONVERSION = YES;
				CLANG_WARN_DIRECT_OBJC_ISA_USAGE = YES_ERROR;
				CLANG_WARN_DOCUMENTATION_COMMENTS = YES;
				CLANG_WARN_EMPTY_BODY = YES;
				CLANG_WARN_ENUM_CONVERSION = YES;
				CLANG_WARN_INFINITE_RECURSION = YES;
				CLANG_WARN_INT_CONVERSION = YES;
				CLANG_WARN_OBJC_ROOT_CLASS = YES_ERROR;
				CLANG_WARN_SUSPICIOUS_MOVE = YES;
				CLANG_WARN_UNREACHABLE_CODE = YES;
				CLANG_WARN__DUPLICATE_METHOD_MATCH = YES;
				"CODE_SIGN_IDENTITY[sdk=iphoneos*]" = "iPhone Developer";
				COPY_PHASE_STRIP = NO;
				DEBUG_INFORMATION_FORMAT = "dwarf-with-dsym";
				ENABLE_NS_ASSERTIONS = NO;
				ENABLE_STRICT_OBJC_MSGSEND = YES;
				GCC_C_LANGUAGE_STANDARD = gnu99;
				GCC_NO_COMMON_BLOCKS = YES;
				GCC_WARN_64_TO_32_BIT_CONVERSION = YES;
				GCC_WARN_ABOUT_RETURN_TYPE = YES_ERROR;
				GCC_WARN_UNDECLARED_SELECTOR = YES;
				GCC_WARN_UNINITIALIZED_AUTOS = YES_AGGRESSIVE;
				GCC_WARN_UNUSED_FUNCTION = YES;
				GCC_WARN_UNUSED_VARIABLE = YES;
				IPHONEOS_DEPLOYMENT_TARGET = 10.2;
				MTL_ENABLE_DEBUG_INFO = NO;
				SDKROOT = iphoneos;
				SWIFT_OPTIMIZATION_LEVEL = "-Owholemodule";
				VALIDATE_PRODUCT = YES;
			};
			name = Release;
		};
		D260D6201EF8256E0098CDD5 /* Debug */ = {
			isa = XCBuildConfiguration;
			baseConfigurationReference = 2BED51A1C634349948E0FB36 /* Pods-V2EXios.debug.xcconfig */;
			buildSettings = {
				ALWAYS_EMBED_SWIFT_STANDARD_LIBRARIES = YES;
				ASSETCATALOG_COMPILER_APPICON_NAME = AppIcon;
				CLANG_ENABLE_MODULES = YES;
				DEVELOPMENT_TEAM = 4K5C5J6AQ9;
				INFOPLIST_FILE = V2EXios/Info.plist;
				LD_RUNPATH_SEARCH_PATHS = "$(inherited) @executable_path/Frameworks";
				PRODUCT_BUNDLE_IDENTIFIER = "com.haowang.-.V2EXios";
				PRODUCT_NAME = "$(TARGET_NAME)";
				SWIFT_OBJC_BRIDGING_HEADER = "V2EXios/V2EXios-Bridging-Header.h";
				SWIFT_OPTIMIZATION_LEVEL = "-Onone";
				SWIFT_VERSION = 3.0;
			};
			name = Debug;
		};
		D260D6211EF8256E0098CDD5 /* Release */ = {
			isa = XCBuildConfiguration;
			baseConfigurationReference = 5629C9DF27559C0801B76E5F /* Pods-V2EXios.release.xcconfig */;
			buildSettings = {
				ALWAYS_EMBED_SWIFT_STANDARD_LIBRARIES = YES;
				ASSETCATALOG_COMPILER_APPICON_NAME = AppIcon;
				CLANG_ENABLE_MODULES = YES;
				DEVELOPMENT_TEAM = 4K5C5J6AQ9;
				INFOPLIST_FILE = V2EXios/Info.plist;
				LD_RUNPATH_SEARCH_PATHS = "$(inherited) @executable_path/Frameworks";
				PRODUCT_BUNDLE_IDENTIFIER = "com.haowang.-.V2EXios";
				PRODUCT_NAME = "$(TARGET_NAME)";
				SWIFT_OBJC_BRIDGING_HEADER = "V2EXios/V2EXios-Bridging-Header.h";
				SWIFT_VERSION = 3.0;
			};
			name = Release;
		};
		D260D6231EF8256E0098CDD5 /* Debug */ = {
			isa = XCBuildConfiguration;
			baseConfigurationReference = 821544447586F8AD0B3E0377 /* Pods-V2EXiosTests.debug.xcconfig */;
			buildSettings = {
				ALWAYS_EMBED_SWIFT_STANDARD_LIBRARIES = YES;
				BUNDLE_LOADER = "$(TEST_HOST)";
				DEVELOPMENT_TEAM = 4K5C5J6AQ9;
				INFOPLIST_FILE = V2EXiosTests/Info.plist;
				LD_RUNPATH_SEARCH_PATHS = "$(inherited) @executable_path/Frameworks @loader_path/Frameworks";
				PRODUCT_BUNDLE_IDENTIFIER = "com.haowang.-.V2EXiosTests";
				PRODUCT_NAME = "$(TARGET_NAME)";
				SWIFT_VERSION = 3.0;
				TEST_HOST = "$(BUILT_PRODUCTS_DIR)/V2EXios.app/V2EXios";
			};
			name = Debug;
		};
		D260D6241EF8256E0098CDD5 /* Release */ = {
			isa = XCBuildConfiguration;
			baseConfigurationReference = F04D429307177BEB4EC46400 /* Pods-V2EXiosTests.release.xcconfig */;
			buildSettings = {
				ALWAYS_EMBED_SWIFT_STANDARD_LIBRARIES = YES;
				BUNDLE_LOADER = "$(TEST_HOST)";
				DEVELOPMENT_TEAM = 4K5C5J6AQ9;
				INFOPLIST_FILE = V2EXiosTests/Info.plist;
				LD_RUNPATH_SEARCH_PATHS = "$(inherited) @executable_path/Frameworks @loader_path/Frameworks";
				PRODUCT_BUNDLE_IDENTIFIER = "com.haowang.-.V2EXiosTests";
				PRODUCT_NAME = "$(TARGET_NAME)";
				SWIFT_VERSION = 3.0;
				TEST_HOST = "$(BUILT_PRODUCTS_DIR)/V2EXios.app/V2EXios";
			};
			name = Release;
		};
/* End XCBuildConfiguration section */

/* Begin XCConfigurationList section */
		D260D5FA1EF8256E0098CDD5 /* Build configuration list for PBXProject "V2EXios" */ = {
			isa = XCConfigurationList;
			buildConfigurations = (
				D260D61D1EF8256E0098CDD5 /* Debug */,
				D260D61E1EF8256E0098CDD5 /* Release */,
			);
			defaultConfigurationIsVisible = 0;
			defaultConfigurationName = Release;
		};
		D260D61F1EF8256E0098CDD5 /* Build configuration list for PBXNativeTarget "V2EXios" */ = {
			isa = XCConfigurationList;
			buildConfigurations = (
				D260D6201EF8256E0098CDD5 /* Debug */,
				D260D6211EF8256E0098CDD5 /* Release */,
			);
			defaultConfigurationIsVisible = 0;
			defaultConfigurationName = Release;
		};
		D260D6221EF8256E0098CDD5 /* Build configuration list for PBXNativeTarget "V2EXiosTests" */ = {
			isa = XCConfigurationList;
			buildConfigurations = (
				D260D6231EF8256E0098CDD5 /* Debug */,
				D260D6241EF8256E0098CDD5 /* Release */,
			);
			defaultConfigurationIsVisible = 0;
			defaultConfigurationName = Release;
		};
/* End XCConfigurationList section */

/* Begin XCVersionGroup section */
		D260D6091EF8256E0098CDD5 /* V2EXios.xcdatamodeld */ = {
			isa = XCVersionGroup;
			children = (
				D260D60A1EF8256E0098CDD5 /* V2EXios.xcdatamodel */,
			);
			currentVersion = D260D60A1EF8256E0098CDD5 /* V2EXios.xcdatamodel */;
			name = V2EXios.xcdatamodeld;
			path = ../V2EXios.xcdatamodeld;
			sourceTree = "<group>";
			versionGroupType = wrapper.xcdatamodel;
		};
/* End XCVersionGroup section */
	};
	rootObject = D260D5F71EF8256E0098CDD5 /* Project object */;
}
